
Microsoft Visual Studio Solution File, Format Version 12.00
# Visual Studio Version 17
VisualStudioVersion = 17.4.33213.308
MinimumVisualStudioVersion = 10.0.40219.1
Project("{FAE04EC0-301F-11D3-BF4B-00C04F79EFBC}") = "BindExpandAndDynamicObject.Server", "Server\BindExpandAndDynamicObject.Server.csproj", "{78339983-AB23-4084-9A80-9A3BB0FD263E}"
EndProject
Project("{FAE04EC0-301F-11D3-BF4B-00C04F79EFBC}") = "BindExpandAndDynamicObject.Client", "Client\BindExpandAndDynamicObject.Client.csproj", "{015A98E3-2D7A-44ED-9974-EBEBE4261355}"
EndProject
Project("{FAE04EC0-301F-11D3-BF4B-00C04F79EFBC}") = "BindExpandAndDynamicObject.Shared", "Shared\BindExpandAndDynamicObject.Shared.csproj", "{8F5D2E4F-56CC-447C-B6E9-DA37FF0711E7}"
EndProject
Global
	GlobalSection(SolutionConfigurationPlatforms) = preSolution
		Debug|Any CPU = Debug|Any CPU
		Release|Any CPU = Release|Any CPU
	EndGlobalSection
	GlobalSection(ProjectConfigurationPlatforms) = postSolution
		{78339983-AB23-4084-9A80-9A3BB0FD263E}.Debug|Any CPU.ActiveCfg = Debug|Any CPU
		{78339983-AB23-4084-9A80-9A3BB0FD263E}.Debug|Any CPU.Build.0 = Debug|Any CPU
		{78339983-AB23-4084-9A80-9A3BB0FD263E}.Release|Any CPU.ActiveCfg = Release|Any CPU
		{78339983-AB23-4084-9A80-9A3BB0FD263E}.Release|Any CPU.Build.0 = Release|Any CPU
		{015A98E3-2D7A-44ED-9974-EBEBE4261355}.Debug|Any CPU.ActiveCfg = Debug|Any CPU
		{015A98E3-2D7A-44ED-9974-EBEBE4261355}.Debug|Any CPU.Build.0 = Debug|Any CPU
		{015A98E3-2D7A-44ED-9974-EBEBE4261355}.Release|Any CPU.ActiveCfg = Release|Any CPU
		{015A98E3-2D7A-44ED-9974-EBEBE4261355}.Release|Any CPU.Build.0 = Release|Any CPU
		{8F5D2E4F-56CC-447C-B6E9-DA37FF0711E7}.Debug|Any CPU.ActiveCfg = Debug|Any CPU
		{8F5D2E4F-56CC-447C-B6E9-DA37FF0711E7}.Debug|Any CPU.Build.0 = Debug|Any CPU
		{8F5D2E4F-56CC-447C-B6E9-DA37FF0711E7}.Release|Any CPU.ActiveCfg = Release|Any CPU
		{8F5D2E4F-56CC-447C-B6E9-DA37FF0711E7}.Release|Any CPU.Build.0 = Release|Any CPU
	EndGlobalSection
	GlobalSection(SolutionProperties) = preSolution
		HideSolutionNode = FALSE
	EndGlobalSection
	GlobalSection(ExtensibilityGlobals) = postSolution
		SolutionGuid = {AEC17F38-176E-4CB1-80D6-2E41DC0614B8}
	EndGlobalSection
EndGlobal
